
Microsoft Visual Studio Solution File, Format Version 12.00
# Visual Studio Version 17
VisualStudioVersion = 17.7.34024.191
MinimumVisualStudioVersion = 10.0.40219.1
Project("{FAE04EC0-301F-11D3-BF4B-00C04F79EFBC}") = "L14RBS1132223", "L14RBS1132223\L14RBS1132223.csproj", "{03983815-855B-4A0F-AE7D-37DE8F7B3891}"
EndProject
Global
	GlobalSection(SolutionConfigurationPlatforms) = preSolution
		Debug|Any CPU = Debug|Any CPU
		Release|Any CPU = Release|Any CPU
	EndGlobalSection
	GlobalSection(ProjectConfigurationPlatforms) = postSolution
		{03983815-855B-4A0F-AE7D-37DE8F7B3891}.Debug|Any CPU.ActiveCfg = Debug|Any CPU
		{03983815-855B-4A0F-AE7D-37DE8F7B3891}.Debug|Any CPU.Build.0 = Debug|Any CPU
		{03983815-855B-4A0F-AE7D-37DE8F7B3891}.Release|Any CPU.ActiveCfg = Release|Any CPU
		{03983815-855B-4A0F-AE7D-37DE8F7B3891}.Release|Any CPU.Build.0 = Release|Any CPU
	EndGlobalSection
	GlobalSection(SolutionProperties) = preSolution
		HideSolutionNode = FALSE
	EndGlobalSection
	GlobalSection(ExtensibilityGlobals) = postSolution
		SolutionGuid = {45C35075-AEDD-4F4F-B104-7041A32F2E71}
	EndGlobalSection
EndGlobal
