
Microsoft Visual Studio Solution File, Format Version 12.00
# Visual Studio Version 17
VisualStudioVersion = 17.7.34024.191
MinimumVisualStudioVersion = 10.0.40219.1
Project("{FAE04EC0-301F-11D3-BF4B-00C04F79EFBC}") = "L5_RBS_1132223", "L5_RBS_1132223\L5_RBS_1132223.csproj", "{CCA628B3-3B80-47E9-9BE0-C3EC8B201C13}"
EndProject
Global
	GlobalSection(SolutionConfigurationPlatforms) = preSolution
		Debug|Any CPU = Debug|Any CPU
		Release|Any CPU = Release|Any CPU
	EndGlobalSection
	GlobalSection(ProjectConfigurationPlatforms) = postSolution
		{CCA628B3-3B80-47E9-9BE0-C3EC8B201C13}.Debug|Any CPU.ActiveCfg = Debug|Any CPU
		{CCA628B3-3B80-47E9-9BE0-C3EC8B201C13}.Debug|Any CPU.Build.0 = Debug|Any CPU
		{CCA628B3-3B80-47E9-9BE0-C3EC8B201C13}.Release|Any CPU.ActiveCfg = Release|Any CPU
		{CCA628B3-3B80-47E9-9BE0-C3EC8B201C13}.Release|Any CPU.Build.0 = Release|Any CPU
	EndGlobalSection
	GlobalSection(SolutionProperties) = preSolution
		HideSolutionNode = FALSE
	EndGlobalSection
	GlobalSection(ExtensibilityGlobals) = postSolution
		SolutionGuid = {014F57CC-10D2-4446-847F-BCE700650B83}
	EndGlobalSection
EndGlobal
