
Microsoft Visual Studio Solution File, Format Version 12.00
# Visual Studio Version 17
VisualStudioVersion = 17.7.34024.191
MinimumVisualStudioVersion = 10.0.40219.1
Project("{FAE04EC0-301F-11D3-BF4B-00C04F79EFBC}") = "L1RBS1132223", "L1RBS1132223\L1RBS1132223.csproj", "{3885FC61-53E4-4A02-8A3E-53312BEEE829}"
EndProject
Global
	GlobalSection(SolutionConfigurationPlatforms) = preSolution
		Debug|Any CPU = Debug|Any CPU
		Release|Any CPU = Release|Any CPU
	EndGlobalSection
	GlobalSection(ProjectConfigurationPlatforms) = postSolution
		{3885FC61-53E4-4A02-8A3E-53312BEEE829}.Debug|Any CPU.ActiveCfg = Debug|Any CPU
		{3885FC61-53E4-4A02-8A3E-53312BEEE829}.Debug|Any CPU.Build.0 = Debug|Any CPU
		{3885FC61-53E4-4A02-8A3E-53312BEEE829}.Release|Any CPU.ActiveCfg = Release|Any CPU
		{3885FC61-53E4-4A02-8A3E-53312BEEE829}.Release|Any CPU.Build.0 = Release|Any CPU
	EndGlobalSection
	GlobalSection(SolutionProperties) = preSolution
		HideSolutionNode = FALSE
	EndGlobalSection
	GlobalSection(ExtensibilityGlobals) = postSolution
		SolutionGuid = {7FAF4CA9-DC4B-4DD5-BE86-23C31B9AD10E}
	EndGlobalSection
EndGlobal
