
Microsoft Visual Studio Solution File, Format Version 12.00
# Visual Studio Version 17
VisualStudioVersion = 17.7.34024.191
MinimumVisualStudioVersion = 10.0.40219.1
Project("{FAE04EC0-301F-11D3-BF4B-00C04F79EFBC}") = "T9RBS1132223", "T9RBS1132223\T9RBS1132223.csproj", "{1DA540D7-BEFF-40A9-8438-D64355D854D8}"
EndProject
Global
	GlobalSection(SolutionConfigurationPlatforms) = preSolution
		Debug|Any CPU = Debug|Any CPU
		Release|Any CPU = Release|Any CPU
	EndGlobalSection
	GlobalSection(ProjectConfigurationPlatforms) = postSolution
		{1DA540D7-BEFF-40A9-8438-D64355D854D8}.Debug|Any CPU.ActiveCfg = Debug|Any CPU
		{1DA540D7-BEFF-40A9-8438-D64355D854D8}.Debug|Any CPU.Build.0 = Debug|Any CPU
		{1DA540D7-BEFF-40A9-8438-D64355D854D8}.Release|Any CPU.ActiveCfg = Release|Any CPU
		{1DA540D7-BEFF-40A9-8438-D64355D854D8}.Release|Any CPU.Build.0 = Release|Any CPU
	EndGlobalSection
	GlobalSection(SolutionProperties) = preSolution
		HideSolutionNode = FALSE
	EndGlobalSection
	GlobalSection(ExtensibilityGlobals) = postSolution
		SolutionGuid = {57283CEF-F50E-40F4-9694-0197A5ED0105}
	EndGlobalSection
EndGlobal
