
Microsoft Visual Studio Solution File, Format Version 12.00
# Visual Studio Version 17
VisualStudioVersion = 17.7.34024.191
MinimumVisualStudioVersion = 10.0.40219.1
Project("{FAE04EC0-301F-11D3-BF4B-00C04F79EFBC}") = "PROYECTO #2 DADOS 1132223 RODRIGO BRAN SÁNCHEZ", "PROYECTO #2 DADOS 1132223 RODRIGO BRAN SÁNCHEZ\PROYECTO #2 DADOS 1132223 RODRIGO BRAN SÁNCHEZ.csproj", "{8333B0FE-F7EA-484D-8786-361F07308FD0}"
EndProject
Global
	GlobalSection(SolutionConfigurationPlatforms) = preSolution
		Debug|Any CPU = Debug|Any CPU
		Release|Any CPU = Release|Any CPU
	EndGlobalSection
	GlobalSection(ProjectConfigurationPlatforms) = postSolution
		{8333B0FE-F7EA-484D-8786-361F07308FD0}.Debug|Any CPU.ActiveCfg = Debug|Any CPU
		{8333B0FE-F7EA-484D-8786-361F07308FD0}.Debug|Any CPU.Build.0 = Debug|Any CPU
		{8333B0FE-F7EA-484D-8786-361F07308FD0}.Release|Any CPU.ActiveCfg = Release|Any CPU
		{8333B0FE-F7EA-484D-8786-361F07308FD0}.Release|Any CPU.Build.0 = Release|Any CPU
	EndGlobalSection
	GlobalSection(SolutionProperties) = preSolution
		HideSolutionNode = FALSE
	EndGlobalSection
	GlobalSection(ExtensibilityGlobals) = postSolution
		SolutionGuid = {8956C695-4D6A-4717-8BEC-9BE54078902E}
	EndGlobalSection
EndGlobal
